# This file is generated by running "yarn install" inside your project.
# Manual changes might be lost - proceed with caution!

__metadata:
  version: 8
  cacheKey: 10c0

"@evalua/cli@workspace:packages/cli":
  version: 0.0.0-use.local
  resolution: "@evalua/cli@workspace:packages/cli"
  dependencies:
    commander: "npm:^12.1.0"
    zod: "npm:^3.23.8"
  bin:
    evalua: dist/index.js
  languageName: unknown
  linkType: soft

"@evalua/core@workspace:packages/core":
  version: 0.0.0-use.local
  resolution: "@evalua/core@workspace:packages/core"
  dependencies:
    zod: "npm:^3.23.8"
  languageName: unknown
  linkType: soft

"@evalua/eval@workspace:packages/eval":
  version: 0.0.0-use.local
  resolution: "@evalua/eval@workspace:packages/eval"
  dependencies:
    zod: "npm:^3.23.8"
  languageName: unknown
  linkType: soft

"@evalua/llm@workspace:packages/llm":
  version: 0.0.0-use.local
  resolution: "@evalua/llm@workspace:packages/llm"
  dependencies:
    zod: "npm:^3.23.8"
  languageName: unknown
  linkType: soft

"@evalua/tools@workspace:packages/tools":
  version: 0.0.0-use.local
  resolution: "@evalua/tools@workspace:packages/tools"
  dependencies:
    zod: "npm:^3.23.8"
  languageName: unknown
  linkType: soft

"commander@npm:^12.1.0":
  version: 12.1.0
  resolution: "commander@npm:12.1.0"
  checksum: 10c0/6e1996680c083b3b897bfc1cfe1c58dfbcd9842fd43e1aaf8a795fbc237f65efcc860a3ef457b318e73f29a4f4a28f6403c3d653d021d960e4632dd45bde54a9
  languageName: node
  linkType: hard

"evalua@workspace:.":
  version: 0.0.0-use.local
  resolution: "evalua@workspace:."
  dependencies:
    typescript: "npm:^5.5.4"
  languageName: unknown
  linkType: soft

"typescript@npm:^5.5.4":
  version: 5.9.3
  resolution: "typescript@npm:5.9.3"
  bin:
    tsc: bin/tsc
    tsserver: bin/tsserver
  checksum: 10c0/6bd7552ce39f97e711db5aa048f6f9995b53f1c52f7d8667c1abdc1700c68a76a308f579cd309ce6b53646deb4e9a1be7c813a93baaf0a28ccd536a30270e1c5
  languageName: node
  linkType: hard

"typescript@patch:typescript@npm%3A^5.5.4#optional!builtin<compat/typescript>":
  version: 5.9.3
  resolution: "typescript@patch:typescript@npm%3A5.9.3#optional!builtin<compat/typescript>::version=5.9.3&hash=5786d5"
  bin:
    tsc: bin/tsc
    tsserver: bin/tsserver
  checksum: 10c0/ad09fdf7a756814dce65bc60c1657b40d44451346858eea230e10f2e95a289d9183b6e32e5c11e95acc0ccc214b4f36289dcad4bf1886b0adb84d711d336a430
  languageName: node
  linkType: hard

"zod@npm:^3.23.8":
  version: 3.25.76
  resolution: "zod@npm:3.25.76"
  checksum: 10c0/5718ec35e3c40b600316c5b4c5e4976f7fee68151bc8f8d90ec18a469be9571f072e1bbaace10f1e85cf8892ea12d90821b200e980ab46916a6166a4260a983c
  languageName: node
  linkType: hard
